
Microsoft Visual Studio Solution File, Format Version 12.00
# Visual Studio Version 17
VisualStudioVersion = 17.11.35312.102
MinimumVisualStudioVersion = 10.0.40219.1
Project("{FAE04EC0-301F-11D3-BF4B-00C04F79EFBC}") = "DSA.String", "DSA.String\DSA.String.csproj", "{F8A423AD-05BF-4131-8895-DAA491ED66A7}"
EndProject
Project("{FAE04EC0-301F-11D3-BF4B-00C04F79EFBC}") = "DSA.Array", "DSA.Array\DSA.Array.csproj", "{CF7FB3F0-8C6A-48FB-8799-A0F3C7F8FBC5}"
EndProject
Global
	GlobalSection(SolutionConfigurationPlatforms) = preSolution
		Debug|Any CPU = Debug|Any CPU
		Release|Any CPU = Release|Any CPU
	EndGlobalSection
	GlobalSection(ProjectConfigurationPlatforms) = postSolution
		{F8A423AD-05BF-4131-8895-DAA491ED66A7}.Debug|Any CPU.ActiveCfg = Debug|Any CPU
		{F8A423AD-05BF-4131-8895-DAA491ED66A7}.Debug|Any CPU.Build.0 = Debug|Any CPU
		{F8A423AD-05BF-4131-8895-DAA491ED66A7}.Release|Any CPU.ActiveCfg = Release|Any CPU
		{F8A423AD-05BF-4131-8895-DAA491ED66A7}.Release|Any CPU.Build.0 = Release|Any CPU
		{CF7FB3F0-8C6A-48FB-8799-A0F3C7F8FBC5}.Debug|Any CPU.ActiveCfg = Debug|Any CPU
		{CF7FB3F0-8C6A-48FB-8799-A0F3C7F8FBC5}.Debug|Any CPU.Build.0 = Debug|Any CPU
		{CF7FB3F0-8C6A-48FB-8799-A0F3C7F8FBC5}.Release|Any CPU.ActiveCfg = Release|Any CPU
		{CF7FB3F0-8C6A-48FB-8799-A0F3C7F8FBC5}.Release|Any CPU.Build.0 = Release|Any CPU
	EndGlobalSection
	GlobalSection(SolutionProperties) = preSolution
		HideSolutionNode = FALSE
	EndGlobalSection
	GlobalSection(ExtensibilityGlobals) = postSolution
		SolutionGuid = {BA36A635-29FC-4598-A492-B00F821865BE}
	EndGlobalSection
EndGlobal
